PODS:
  - Charts (3.1.1):
    - Charts/Core (= 3.1.1)
  - Charts/Core (3.1.1)
  - Eureka (4.1.1)

DEPENDENCIES:
  - Charts
  - Eureka

SPEC REPOS:
  https://github.com/cocoapods/specs.git:
    - Charts
    - Eureka

SPEC CHECKSUMS:
  Charts: 90a4d61da0f6e06684c591e3bcab11940fe61736
  Eureka: b88fb930e42c79f8c03c373d0fcdc28c1d6c50ed

PODFILE CHECKSUM: 780cc54e4d8c5411b5fb89d86bf9452498d014ab

COCOAPODS: 1.5.2
